{
  "version": 4,
  "terraform_version": "1.6.4",
  "serial": 14,
  "lineage": "25db6234-f504-19d8-bc70-6606f0ca314d",
  "outputs": {
    "dns": {
      "value": "ec2-34-219-18-18.us-west-2.compute.amazonaws.com",
      "type": "string"
    }
  },
  "resources": [
    {
      "mode": "data",
      "type": "http",
      "name": "my_public_ip",
      "provider": "provider[\"registry.terraform.io/hashicorp/http\"]",
      "instances": [
        {
          "schema_version": 0,
          "attributes": {
            "body": "{\n  \"ip\": \"109.226.28.76\",\n  \"hostname\": \"static.109.226.28.76.ccc.net.il\",\n  \"city\": \"Ramat Gan\",\n  \"region\": \"Tel Aviv\",\n  \"country\": \"IL\",\n  \"loc\": \"32.0823,34.8107\",\n  \"org\": \"AS50463 Triple C Cloud Computing Ltd.\",\n  \"timezone\": \"Asia/Jerusalem\",\n  \"readme\": \"https://ipinfo.io/missingauth\"\n}",
            "ca_cert_pem": null,
            "id": "https://ipinfo.io/json",
            "insecure": null,
            "method": null,
            "request_body": null,
            "request_headers": {
              "Accept": "application/json"
            },
            "request_timeout_ms": null,
            "response_body": "{\n  \"ip\": \"109.226.28.76\",\n  \"hostname\": \"static.109.226.28.76.ccc.net.il\",\n  \"city\": \"Ramat Gan\",\n  \"region\": \"Tel Aviv\",\n  \"country\": \"IL\",\n  \"loc\": \"32.0823,34.8107\",\n  \"org\": \"AS50463 Triple C Cloud Computing Ltd.\",\n  \"timezone\": \"Asia/Jerusalem\",\n  \"readme\": \"https://ipinfo.io/missingauth\"\n}",
            "response_body_base64": "ewogICJpcCI6ICIxMDkuMjI2LjI4Ljc2IiwKICAiaG9zdG5hbWUiOiAic3RhdGljLjEwOS4yMjYuMjguNzYuY2NjLm5ldC5pbCIsCiAgImNpdHkiOiAiUmFtYXQgR2FuIiwKICAicmVnaW9uIjogIlRlbCBBdml2IiwKICAiY291bnRyeSI6ICJJTCIsCiAgImxvYyI6ICIzMi4wODIzLDM0LjgxMDciLAogICJvcmciOiAiQVM1MDQ2MyBUcmlwbGUgQyBDbG91ZCBDb21wdXRpbmcgTHRkLiIsCiAgInRpbWV6b25lIjogIkFzaWEvSmVydXNhbGVtIiwKICAicmVhZG1lIjogImh0dHBzOi8vaXBpbmZvLmlvL21pc3NpbmdhdXRoIgp9",
            "response_headers": {
              "Access-Control-Allow-Origin": "*",
              "Alt-Svc": "h3=\":443\"; ma=2592000,h3-29=\":443\"; ma=2592000",
              "Content-Length": "297",
              "Content-Type": "application/json; charset=utf-8",
              "Date": "Tue, 13 Feb 2024 19:54:39 GMT",
              "Server": "nginx/1.24.0",
              "Strict-Transport-Security": "max-age=2592000; includeSubDomains",
              "Via": "1.1 google",
              "X-Content-Type-Options": "nosniff",
              "X-Envoy-Upstream-Service-Time": "3"
            },
            "retry": null,
            "status_code": 200,
            "url": "https://ipinfo.io/json"
          },
          "sensitive_attributes": []
        }
      ]
    },
    {
      "mode": "managed",
      "type": "aws_instance",
      "name": "test_jenkins_master",
      "provider": "provider[\"registry.terraform.io/hashicorp/aws\"]",
      "instances": [
        {
          "schema_version": 1,
          "attributes": {
            "ami": "ami-0f26c83d2cbdc5077",
            "arn": "arn:aws:ec2:us-west-2:887234254276:instance/i-0b42463e003747c65",
            "associate_public_ip_address": true,
            "availability_zone": "us-west-2b",
            "capacity_reservation_specification": [
              {
                "capacity_reservation_preference": "open",
                "capacity_reservation_target": []
              }
            ],
            "cpu_core_count": 2,
            "cpu_options": [
              {
                "amd_sev_snp": "",
                "core_count": 2,
                "threads_per_core": 1
              }
            ],
            "cpu_threads_per_core": 1,
            "credit_specification": [
              {
                "cpu_credits": "standard"
              }
            ],
            "disable_api_stop": false,
            "disable_api_termination": false,
            "ebs_block_device": [],
            "ebs_optimized": false,
            "enclave_options": [
              {
                "enabled": false
              }
            ],
            "ephemeral_block_device": [],
            "get_password_data": false,
            "hibernation": false,
            "host_id": "",
            "host_resource_group_arn": null,
            "iam_instance_profile": "",
            "id": "i-0b42463e003747c65",
            "instance_initiated_shutdown_behavior": "stop",
            "instance_lifecycle": "",
            "instance_market_options": [],
            "instance_state": "running",
            "instance_type": "t2.large",
            "ipv6_address_count": 0,
            "ipv6_addresses": [],
            "key_name": "us-west-2-putty",
            "launch_template": [],
            "maintenance_options": [
              {
                "auto_recovery": "default"
              }
            ],
            "metadata_options": [
              {
                "http_endpoint": "enabled",
                "http_protocol_ipv6": "disabled",
                "http_put_response_hop_limit": 2,
                "http_tokens": "required",
                "instance_metadata_tags": "disabled"
              }
            ],
            "monitoring": false,
            "network_interface": [],
            "outpost_arn": "",
            "password_data": "",
            "placement_group": "",
            "placement_partition_number": 0,
            "primary_network_interface_id": "eni-0d9a9493edea0b10a",
            "private_dns": "ip-172-31-30-242.us-west-2.compute.internal",
            "private_dns_name_options": [
              {
                "enable_resource_name_dns_a_record": false,
                "enable_resource_name_dns_aaaa_record": false,
                "hostname_type": "ip-name"
              }
            ],
            "private_ip": "172.31.30.242",
            "public_dns": "ec2-34-219-18-18.us-west-2.compute.amazonaws.com",
            "public_ip": "34.219.18.18",
            "root_block_device": [
              {
                "delete_on_termination": true,
                "device_name": "/dev/xvda",
                "encrypted": false,
                "iops": 3000,
                "kms_key_id": "",
                "tags": {},
                "throughput": 125,
                "volume_id": "vol-0e79543606e2cc8a2",
                "volume_size": 8,
                "volume_type": "gp3"
              }
            ],
            "secondary_private_ips": [],
            "security_groups": [
              "sg_jenkins_master_host"
            ],
            "source_dest_check": true,
            "spot_instance_request_id": "",
            "subnet_id": "subnet-a3da4edb",
            "tags": {
              "Author": "Itamar Tziger",
              "Name": "test_jenkins_master"
            },
            "tags_all": {
              "Author": "Itamar Tziger",
              "Name": "test_jenkins_master"
            },
            "tenancy": "default",
            "timeouts": null,
            "user_data": null,
            "user_data_base64": null,
            "user_data_replace_on_change": false,
            "volume_tags": null,
            "vpc_security_group_ids": [
              "sg-02a9af32c5b5a720c"
            ]
          },
          "sensitive_attributes": [],
          "private": "eyJlMmJmYjczMC1lY2FhLTExZTYtOGY4OC0zNDM2M2JjN2M0YzAiOnsiY3JlYXRlIjo2MDAwMDAwMDAwMDAsImRlbGV0ZSI6MTIwMDAwMDAwMDAwMCwidXBkYXRlIjo2MDAwMDAwMDAwMDB9LCJzY2hlbWFfdmVyc2lvbiI6IjEifQ==",
          "dependencies": [
            "aws_security_group.jenkins_master_host",
            "data.http.my_public_ip"
          ]
        }
      ]
    },
    {
      "mode": "managed",
      "type": "aws_security_group",
      "name": "jenkins_master_host",
      "provider": "provider[\"registry.terraform.io/hashicorp/aws\"]",
      "instances": [
        {
          "schema_version": 1,
          "attributes": {
            "arn": "arn:aws:ec2:us-west-2:887234254276:security-group/sg-02a9af32c5b5a720c",
            "description": "Allow SSH from anywhere",
            "egress": [
              {
                "cidr_blocks": [
                  "0.0.0.0/0"
                ],
                "description": "",
                "from_port": 0,
                "ipv6_cidr_blocks": [],
                "prefix_list_ids": [],
                "protocol": "-1",
                "security_groups": [],
                "self": false,
                "to_port": 0
              }
            ],
            "id": "sg-02a9af32c5b5a720c",
            "ingress": [
              {
                "cidr_blocks": [
                  "109.226.28.76/32"
                ],
                "description": "",
                "from_port": 22,
                "ipv6_cidr_blocks": [],
                "prefix_list_ids": [],
                "protocol": "tcp",
                "security_groups": [],
                "self": false,
                "to_port": 22
              },
              {
                "cidr_blocks": [
                  "109.226.28.76/32"
                ],
                "description": "",
                "from_port": 8080,
                "ipv6_cidr_blocks": [],
                "prefix_list_ids": [],
                "protocol": "tcp",
                "security_groups": [],
                "self": false,
                "to_port": 8080
              }
            ],
            "name": "sg_jenkins_master_host",
            "name_prefix": "",
            "owner_id": "887234254276",
            "revoke_rules_on_delete": false,
            "tags": {
              "Author": "Itamar Tziger",
              "Name": "bastion_sg_jenkins_master_host"
            },
            "tags_all": {
              "Author": "Itamar Tziger",
              "Name": "bastion_sg_jenkins_master_host"
            },
            "timeouts": null,
            "vpc_id": "vpc-b291a9ca"
          },
          "sensitive_attributes": [],
          "private": "eyJlMmJmYjczMC1lY2FhLTExZTYtOGY4OC0zNDM2M2JjN2M0YzAiOnsiY3JlYXRlIjo2MDAwMDAwMDAwMDAsImRlbGV0ZSI6OTAwMDAwMDAwMDAwfSwic2NoZW1hX3ZlcnNpb24iOiIxIn0=",
          "dependencies": [
            "data.http.my_public_ip"
          ]
        }
      ]
    }
  ],
  "check_results": null
}
