{
  "version": 4,
  "terraform_version": "1.6.4",
  "serial": 21,
  "lineage": "25db6234-f504-19d8-bc70-6606f0ca314d",
  "outputs": {},
  "resources": [
    {
      "mode": "data",
      "type": "http",
      "name": "my_public_ip",
      "provider": "provider[\"registry.terraform.io/hashicorp/http\"]",
      "instances": [
        {
          "schema_version": 0,
          "attributes": {
            "body": "{\n  \"ip\": \"109.226.28.76\",\n  \"hostname\": \"static.109.226.28.76.ccc.net.il\",\n  \"city\": \"Ramat Gan\",\n  \"region\": \"Tel Aviv\",\n  \"country\": \"IL\",\n  \"loc\": \"32.0823,34.8107\",\n  \"org\": \"AS50463 Triple C Cloud Computing Ltd.\",\n  \"timezone\": \"Asia/Jerusalem\",\n  \"readme\": \"https://ipinfo.io/missingauth\"\n}",
            "ca_cert_pem": null,
            "id": "https://ipinfo.io/json",
            "insecure": null,
            "method": null,
            "request_body": null,
            "request_headers": {
              "Accept": "application/json"
            },
            "request_timeout_ms": null,
            "response_body": "{\n  \"ip\": \"109.226.28.76\",\n  \"hostname\": \"static.109.226.28.76.ccc.net.il\",\n  \"city\": \"Ramat Gan\",\n  \"region\": \"Tel Aviv\",\n  \"country\": \"IL\",\n  \"loc\": \"32.0823,34.8107\",\n  \"org\": \"AS50463 Triple C Cloud Computing Ltd.\",\n  \"timezone\": \"Asia/Jerusalem\",\n  \"readme\": \"https://ipinfo.io/missingauth\"\n}",
            "response_body_base64": "ewogICJpcCI6ICIxMDkuMjI2LjI4Ljc2IiwKICAiaG9zdG5hbWUiOiAic3RhdGljLjEwOS4yMjYuMjguNzYuY2NjLm5ldC5pbCIsCiAgImNpdHkiOiAiUmFtYXQgR2FuIiwKICAicmVnaW9uIjogIlRlbCBBdml2IiwKICAiY291bnRyeSI6ICJJTCIsCiAgImxvYyI6ICIzMi4wODIzLDM0LjgxMDciLAogICJvcmciOiAiQVM1MDQ2MyBUcmlwbGUgQyBDbG91ZCBDb21wdXRpbmcgTHRkLiIsCiAgInRpbWV6b25lIjogIkFzaWEvSmVydXNhbGVtIiwKICAicmVhZG1lIjogImh0dHBzOi8vaXBpbmZvLmlvL21pc3NpbmdhdXRoIgp9",
            "response_headers": {
              "Access-Control-Allow-Origin": "*",
              "Alt-Svc": "h3=\":443\"; ma=2592000,h3-29=\":443\"; ma=2592000",
              "Content-Length": "297",
              "Content-Type": "application/json; charset=utf-8",
              "Date": "Tue, 13 Feb 2024 20:43:30 GMT",
              "Server": "nginx/1.24.0",
              "Strict-Transport-Security": "max-age=2592000; includeSubDomains",
              "Via": "1.1 google",
              "X-Content-Type-Options": "nosniff",
              "X-Envoy-Upstream-Service-Time": "2"
            },
            "retry": null,
            "status_code": 200,
            "url": "https://ipinfo.io/json"
          },
          "sensitive_attributes": []
        }
      ]
    },
    {
      "mode": "managed",
      "type": "aws_security_group",
      "name": "jenkins_master_host",
      "provider": "provider[\"registry.terraform.io/hashicorp/aws\"]",
      "instances": [
        {
          "schema_version": 1,
          "attributes": {
            "arn": "arn:aws:ec2:us-west-2:887234254276:security-group/sg-0d5988fa30a6b5e9a",
            "description": "Allow SSH from anywhere",
            "egress": [
              {
                "cidr_blocks": [
                  "0.0.0.0/0"
                ],
                "description": "",
                "from_port": 0,
                "ipv6_cidr_blocks": [],
                "prefix_list_ids": [],
                "protocol": "-1",
                "security_groups": [],
                "self": false,
                "to_port": 0
              }
            ],
            "id": "sg-0d5988fa30a6b5e9a",
            "ingress": [
              {
                "cidr_blocks": [
                  "109.226.28.76/32"
                ],
                "description": "",
                "from_port": 22,
                "ipv6_cidr_blocks": [],
                "prefix_list_ids": [],
                "protocol": "tcp",
                "security_groups": [],
                "self": false,
                "to_port": 22
              },
              {
                "cidr_blocks": [
                  "109.226.28.76/32"
                ],
                "description": "",
                "from_port": 8080,
                "ipv6_cidr_blocks": [],
                "prefix_list_ids": [],
                "protocol": "tcp",
                "security_groups": [],
                "self": false,
                "to_port": 8080
              }
            ],
            "name": "sg_jenkins_master_host",
            "name_prefix": "",
            "owner_id": "887234254276",
            "revoke_rules_on_delete": false,
            "tags": {
              "Author": "Itamar Tziger",
              "Name": "bastion_sg_jenkins_master_host"
            },
            "tags_all": {
              "Author": "Itamar Tziger",
              "Name": "bastion_sg_jenkins_master_host"
            },
            "timeouts": null,
            "vpc_id": "vpc-b291a9ca"
          },
          "sensitive_attributes": [],
          "private": "eyJlMmJmYjczMC1lY2FhLTExZTYtOGY4OC0zNDM2M2JjN2M0YzAiOnsiY3JlYXRlIjo2MDAwMDAwMDAwMDAsImRlbGV0ZSI6OTAwMDAwMDAwMDAwfSwic2NoZW1hX3ZlcnNpb24iOiIxIn0=",
          "dependencies": [
            "data.http.my_public_ip"
          ]
        }
      ]
    }
  ],
  "check_results": null
}
